
Microsoft Visual Studio Solution File, Format Version 12.00
# Visual Studio Version 17
VisualStudioVersion = 17.6.33829.357
MinimumVisualStudioVersion = 10.0.40219.1
Project("{FAE04EC0-301F-11D3-BF4B-00C04F79EFBC}") = "BookKeeping", "BookKeeping\BookKeeping.csproj", "{569266BB-C208-42F3-B83F-734E9B08C9AA}"
EndProject
Global
	GlobalSection(SolutionConfigurationPlatforms) = preSolution
		Debug|Any CPU = Debug|Any CPU
		Release|Any CPU = Release|Any CPU
	EndGlobalSection
	GlobalSection(ProjectConfigurationPlatforms) = postSolution
		{569266BB-C208-42F3-B83F-734E9B08C9AA}.Debug|Any CPU.ActiveCfg = Debug|Any CPU
		{569266BB-C208-42F3-B83F-734E9B08C9AA}.Debug|Any CPU.Build.0 = Debug|Any CPU
		{569266BB-C208-42F3-B83F-734E9B08C9AA}.Release|Any CPU.ActiveCfg = Release|Any CPU
		{569266BB-C208-42F3-B83F-734E9B08C9AA}.Release|Any CPU.Build.0 = Release|Any CPU
	EndGlobalSection
	GlobalSection(SolutionProperties) = preSolution
		HideSolutionNode = FALSE
	EndGlobalSection
	GlobalSection(ExtensibilityGlobals) = postSolution
		SolutionGuid = {A6D80515-74FC-4EF9-84CF-03D64E953FDB}
	EndGlobalSection
EndGlobal
